
Microsoft Visual Studio Solution File, Format Version 10.00
# Visual C# Express 2008
Project("{FAE04EC0-301F-11D3-BF4B-00C04F79EFBC}") = "FoucaultTest", "FoucaultTest\FoucaultTest.csproj", "{9B4844A3-3C03-40F9-A826-7F41C43F7C8D}"
	ProjectSection(ProjectDependencies) = postProject
		{BE100FC2-D7DB-49F5-94ED-C624260C2C5B} = {BE100FC2-D7DB-49F5-94ED-C624260C2C5B}
	EndProjectSection
EndProject
Project("{FAE04EC0-301F-11D3-BF4B-00C04F79EFBC}") = "FoucaultTestClasses", "FoucaultTestClasses\FoucaultTestClasses.csproj", "{BE100FC2-D7DB-49F5-94ED-C624260C2C5B}"
EndProject
Project("{FAE04EC0-301F-11D3-BF4B-00C04F79EFBC}") = "SerialPortSupport", "SerialPortSupport\SerialPortSupport.csproj", "{B6947D80-234D-432E-A80A-15B81DF80683}"
EndProject
Project("{FAE04EC0-301F-11D3-BF4B-00C04F79EFBC}") = "SettingsSupport", "SettingsSupport\SettingsSupport.csproj", "{9513A47D-4AE5-46BA-87CE-B2EBEE2EB875}"
EndProject
Global
	GlobalSection(SolutionConfigurationPlatforms) = preSolution
		Debug|Any CPU = Debug|Any CPU
		Release|Any CPU = Release|Any CPU
	EndGlobalSection
	GlobalSection(ProjectConfigurationPlatforms) = postSolution
		{9B4844A3-3C03-40F9-A826-7F41C43F7C8D}.Debug|Any CPU.ActiveCfg = Debug|Any CPU
		{9B4844A3-3C03-40F9-A826-7F41C43F7C8D}.Debug|Any CPU.Build.0 = Debug|Any CPU
		{9B4844A3-3C03-40F9-A826-7F41C43F7C8D}.Release|Any CPU.ActiveCfg = Release|Any CPU
		{9B4844A3-3C03-40F9-A826-7F41C43F7C8D}.Release|Any CPU.Build.0 = Release|Any CPU
		{BE100FC2-D7DB-49F5-94ED-C624260C2C5B}.Debug|Any CPU.ActiveCfg = Debug|Any CPU
		{BE100FC2-D7DB-49F5-94ED-C624260C2C5B}.Debug|Any CPU.Build.0 = Debug|Any CPU
		{BE100FC2-D7DB-49F5-94ED-C624260C2C5B}.Release|Any CPU.ActiveCfg = Release|Any CPU
		{BE100FC2-D7DB-49F5-94ED-C624260C2C5B}.Release|Any CPU.Build.0 = Release|Any CPU
		{B6947D80-234D-432E-A80A-15B81DF80683}.Debug|Any CPU.ActiveCfg = Debug|Any CPU
		{B6947D80-234D-432E-A80A-15B81DF80683}.Debug|Any CPU.Build.0 = Debug|Any CPU
		{B6947D80-234D-432E-A80A-15B81DF80683}.Release|Any CPU.ActiveCfg = Release|Any CPU
		{B6947D80-234D-432E-A80A-15B81DF80683}.Release|Any CPU.Build.0 = Release|Any CPU
		{9513A47D-4AE5-46BA-87CE-B2EBEE2EB875}.Debug|Any CPU.ActiveCfg = Debug|Any CPU
		{9513A47D-4AE5-46BA-87CE-B2EBEE2EB875}.Debug|Any CPU.Build.0 = Debug|Any CPU
		{9513A47D-4AE5-46BA-87CE-B2EBEE2EB875}.Release|Any CPU.ActiveCfg = Release|Any CPU
		{9513A47D-4AE5-46BA-87CE-B2EBEE2EB875}.Release|Any CPU.Build.0 = Release|Any CPU
	EndGlobalSection
	GlobalSection(SolutionProperties) = preSolution
		HideSolutionNode = FALSE
	EndGlobalSection
EndGlobal
